
Microsoft Visual Studio Solution File, Format Version 12.00
# Visual Studio 15
VisualStudioVersion = 15.0.27130.2024
MinimumVisualStudioVersion = 10.0.40219.1
Project("{FAE04EC0-301F-11D3-BF4B-00C04F79EFBC}") = "ejemplo de vectores", "ejemplo de vectores\ejemplo de vectores.csproj", "{37914BCC-153F-44DB-9224-3053D3E52D71}"
EndProject
Global
	GlobalSection(SolutionConfigurationPlatforms) = preSolution
		Debug|Any CPU = Debug|Any CPU
		Release|Any CPU = Release|Any CPU
	EndGlobalSection
	GlobalSection(ProjectConfigurationPlatforms) = postSolution
		{37914BCC-153F-44DB-9224-3053D3E52D71}.Debug|Any CPU.ActiveCfg = Debug|Any CPU
		{37914BCC-153F-44DB-9224-3053D3E52D71}.Debug|Any CPU.Build.0 = Debug|Any CPU
		{37914BCC-153F-44DB-9224-3053D3E52D71}.Release|Any CPU.ActiveCfg = Release|Any CPU
		{37914BCC-153F-44DB-9224-3053D3E52D71}.Release|Any CPU.Build.0 = Release|Any CPU
	EndGlobalSection
	GlobalSection(SolutionProperties) = preSolution
		HideSolutionNode = FALSE
	EndGlobalSection
	GlobalSection(ExtensibilityGlobals) = postSolution
		SolutionGuid = {75BCB853-977C-406B-83D1-8E37C9D20A43}
	EndGlobalSection
EndGlobal
